# THIS IS AN AUTOGENERATED FILE. DO NOT EDIT THIS FILE DIRECTLY.
# yarn lockfile v1


commander@~2.9.0:
  version "2.9.0"
  resolved "http://registry.npm.souche-inc.com/commander/download/commander-2.9.0.tgz"
  integrity sha1-nJkJQXbhIkDLItbFFGCYQA/g99Q=
  dependencies:
    graceful-readlink ">= 1.0.0"

filesaver.js@~0.2.0:
  version "0.2.0"
  resolved "http://registry.npm.souche-inc.com/filesaver.js/download/filesaver.js-0.2.0.tgz"
  integrity sha1-JlfcRx7Hjy1AXZ2gZs8DmlvmmAI=

"graceful-readlink@>= 1.0.0":
  version "1.0.1"
  resolved "http://registry.npm.souche-inc.com/graceful-readlink/download/graceful-readlink-1.0.1.tgz"
  integrity sha1-TK+tdrxi8C+gObL5Tpo906ORpyU=

jszip@~2.6.0:
  version "2.6.1"
  resolved "http://registry.npm.souche-inc.com/jszip/download/jszip-2.6.1.tgz"
  integrity sha1-uI86ey5noqBIFSmCx6N1bZxIKPA=
  dependencies:
    pako "~1.0.2"

pako@~1.0.2:
  version "1.0.10"
  resolved "http://registry.npm.souche-inc.com/pako/download/pako-1.0.10.tgz"
  integrity sha1-Qyi621CGpCaqkPVBl31JVdpclzI=

xmind@^0.5.0:
  version "0.5.0"
  resolved "https://registry.npmjs.org/xmind/-/xmind-0.5.0.tgz"
  integrity sha512-73Q/vedQkStp9OdmaZUoCkT3ABTuG1s6/QmWR9UuXAqpzX9MXapPSoAqAim3eXfzedMA9jUr1SYWP6txCIrrvw==
  dependencies:
    filesaver.js "~0.2.0"
    jszip "~2.6.0"
    xml-lite "~0.6.6"
    zero-lang "~0.2.0"

xml-lite@~0.6.6:
  version "0.6.9"
  resolved "http://registry.npm.souche-inc.com/xml-lite/download/xml-lite-0.6.9.tgz"
  integrity sha1-1HQ2TIQIswmAIDaT/wRPb57hsik=
  dependencies:
    commander "~2.9.0"
    xmldom "~0.1.22"
    zero-lang "~0.2.1"

xmldom@~0.1.22:
  version "0.1.27"
  resolved "http://registry.npm.souche-inc.com/xmldom/download/xmldom-0.1.27.tgz"
  integrity sha1-1QH5ezvbQDr4757MIFcxh6rawOk=

zero-lang@~0.2.0, zero-lang@~0.2.1:
  version "0.2.1"
  resolved "http://registry.npm.souche-inc.com/zero-lang/download/zero-lang-0.2.1.tgz"
  integrity sha1-O8Ji3TOlRPc7/HmManpaqXhx0+E=
